
Microsoft Visual Studio Solution File, Format Version 12.00
# Visual Studio Version 16
VisualStudioVersion = 16.0.30804.86
MinimumVisualStudioVersion = 10.0.40219.1
Project("{FAE04EC0-301F-11D3-BF4B-00C04F79EFBC}") = "project_iremcatak_170201027", "project_iremcatak_170201027\project_iremcatak_170201027.csproj", "{CF088268-54CF-4376-9C6D-24CB5B4CD790}"
EndProject
Global
	GlobalSection(SolutionConfigurationPlatforms) = preSolution
		Debug|Any CPU = Debug|Any CPU
		Release|Any CPU = Release|Any CPU
	EndGlobalSection
	GlobalSection(ProjectConfigurationPlatforms) = postSolution
		{CF088268-54CF-4376-9C6D-24CB5B4CD790}.Debug|Any CPU.ActiveCfg = Debug|Any CPU
		{CF088268-54CF-4376-9C6D-24CB5B4CD790}.Debug|Any CPU.Build.0 = Debug|Any CPU
		{CF088268-54CF-4376-9C6D-24CB5B4CD790}.Release|Any CPU.ActiveCfg = Release|Any CPU
		{CF088268-54CF-4376-9C6D-24CB5B4CD790}.Release|Any CPU.Build.0 = Release|Any CPU
	EndGlobalSection
	GlobalSection(SolutionProperties) = preSolution
		HideSolutionNode = FALSE
	EndGlobalSection
	GlobalSection(ExtensibilityGlobals) = postSolution
		SolutionGuid = {A419C97D-F3CA-4D25-8219-6E6B57760A4F}
	EndGlobalSection
EndGlobal
